
Microsoft Visual Studio Solution File, Format Version 12.00
# Visual Studio Version 17
VisualStudioVersion = 17.11.35312.102
MinimumVisualStudioVersion = 10.0.40219.1
Project("{FAE04EC0-301F-11D3-BF4B-00C04F79EFBC}") = "CRUDExample", "CRUDExample\CRUDExample.csproj", "{D711F4B5-616D-4542-9DD6-02F41733FBD0}"
EndProject
Project("{FAE04EC0-301F-11D3-BF4B-00C04F79EFBC}") = "Entities", "CRUDTests\Entities.csproj", "{0AE7AF19-65EF-4936-A1EE-12208058085A}"
EndProject
Project("{FAE04EC0-301F-11D3-BF4B-00C04F79EFBC}") = "CRUDTests", "CRUDTests1\CRUDTests.csproj", "{64556770-780F-46C7-BCE1-E6318BE38E5A}"
EndProject
Project("{FAE04EC0-301F-11D3-BF4B-00C04F79EFBC}") = "ServiceContracts", "ServiceContracts\ServiceContracts.csproj", "{0FDFE96D-D256-4BE0-A481-5B9903332ECB}"
EndProject
Project("{FAE04EC0-301F-11D3-BF4B-00C04F79EFBC}") = "Services", "Services\Services.csproj", "{8AA4102F-F3FE-45E0-9412-EE3E2FC2E7F6}"
EndProject
Global
	GlobalSection(SolutionConfigurationPlatforms) = preSolution
		Debug|Any CPU = Debug|Any CPU
		Release|Any CPU = Release|Any CPU
	EndGlobalSection
	GlobalSection(ProjectConfigurationPlatforms) = postSolution
		{D711F4B5-616D-4542-9DD6-02F41733FBD0}.Debug|Any CPU.ActiveCfg = Debug|Any CPU
		{D711F4B5-616D-4542-9DD6-02F41733FBD0}.Debug|Any CPU.Build.0 = Debug|Any CPU
		{D711F4B5-616D-4542-9DD6-02F41733FBD0}.Release|Any CPU.ActiveCfg = Release|Any CPU
		{D711F4B5-616D-4542-9DD6-02F41733FBD0}.Release|Any CPU.Build.0 = Release|Any CPU
		{0AE7AF19-65EF-4936-A1EE-12208058085A}.Debug|Any CPU.ActiveCfg = Debug|Any CPU
		{0AE7AF19-65EF-4936-A1EE-12208058085A}.Debug|Any CPU.Build.0 = Debug|Any CPU
		{0AE7AF19-65EF-4936-A1EE-12208058085A}.Release|Any CPU.ActiveCfg = Release|Any CPU
		{0AE7AF19-65EF-4936-A1EE-12208058085A}.Release|Any CPU.Build.0 = Release|Any CPU
		{64556770-780F-46C7-BCE1-E6318BE38E5A}.Debug|Any CPU.ActiveCfg = Debug|Any CPU
		{64556770-780F-46C7-BCE1-E6318BE38E5A}.Debug|Any CPU.Build.0 = Debug|Any CPU
		{64556770-780F-46C7-BCE1-E6318BE38E5A}.Release|Any CPU.ActiveCfg = Release|Any CPU
		{64556770-780F-46C7-BCE1-E6318BE38E5A}.Release|Any CPU.Build.0 = Release|Any CPU
		{0FDFE96D-D256-4BE0-A481-5B9903332ECB}.Debug|Any CPU.ActiveCfg = Debug|Any CPU
		{0FDFE96D-D256-4BE0-A481-5B9903332ECB}.Debug|Any CPU.Build.0 = Debug|Any CPU
		{0FDFE96D-D256-4BE0-A481-5B9903332ECB}.Release|Any CPU.ActiveCfg = Release|Any CPU
		{0FDFE96D-D256-4BE0-A481-5B9903332ECB}.Release|Any CPU.Build.0 = Release|Any CPU
		{8AA4102F-F3FE-45E0-9412-EE3E2FC2E7F6}.Debug|Any CPU.ActiveCfg = Debug|Any CPU
		{8AA4102F-F3FE-45E0-9412-EE3E2FC2E7F6}.Debug|Any CPU.Build.0 = Debug|Any CPU
		{8AA4102F-F3FE-45E0-9412-EE3E2FC2E7F6}.Release|Any CPU.ActiveCfg = Release|Any CPU
		{8AA4102F-F3FE-45E0-9412-EE3E2FC2E7F6}.Release|Any CPU.Build.0 = Release|Any CPU
	EndGlobalSection
	GlobalSection(SolutionProperties) = preSolution
		HideSolutionNode = FALSE
	EndGlobalSection
	GlobalSection(ExtensibilityGlobals) = postSolution
		SolutionGuid = {5F716EC9-0709-48F5-81D5-7C26AB901A95}
	EndGlobalSection
EndGlobal
